
Microsoft Visual Studio Solution File, Format Version 12.00
# Visual Studio Version 16
VisualStudioVersion = 16.0.30104.148
MinimumVisualStudioVersion = 10.0.40219.1
Project("{FAE04EC0-301F-11D3-BF4B-00C04F79EFBC}") = "Renti_Kalkulator_Aktuarstvo_2021", "Renti_Kalkulator_Aktuarstvo_2021.csproj", "{47208B1F-D37C-4E19-AE82-279D0712CEED}"
EndProject
Global
	GlobalSection(SolutionConfigurationPlatforms) = preSolution
		Debug|Any CPU = Debug|Any CPU
		Release|Any CPU = Release|Any CPU
	EndGlobalSection
	GlobalSection(ProjectConfigurationPlatforms) = postSolution
		{47208B1F-D37C-4E19-AE82-279D0712CEED}.Debug|Any CPU.ActiveCfg = Debug|Any CPU
		{47208B1F-D37C-4E19-AE82-279D0712CEED}.Debug|Any CPU.Build.0 = Debug|Any CPU
		{47208B1F-D37C-4E19-AE82-279D0712CEED}.Release|Any CPU.ActiveCfg = Release|Any CPU
		{47208B1F-D37C-4E19-AE82-279D0712CEED}.Release|Any CPU.Build.0 = Release|Any CPU
	EndGlobalSection
	GlobalSection(SolutionProperties) = preSolution
		HideSolutionNode = FALSE
	EndGlobalSection
	GlobalSection(ExtensibilityGlobals) = postSolution
		SolutionGuid = {B24927D1-544D-4EA4-B69D-5B9CDD2E1B9A}
	EndGlobalSection
EndGlobal
